{
  "pins" : [
    {
      "identity" : "mediaremote-adapter",
      "kind" : "remoteSourceControl",
      "location" : "https://github.com/ejbills/mediaremote-adapter.git",
      "state" : {
        "branch" : "master",
        "revision" : "5b2c2ab6dc6bef3aff0abde62962c5420ff3f298"
      }
    }
  ],
  "version" : 2
}
